github.com/mitchellh/hashstructure v1.1.0 h1:P6P1hdjqAAknpY/M1CGipelZgp+4y9ja9kmUZPXP+H0=
github.com/mitchellh/hashstructure v1.1.0/go.mod h1:xUDAozZz0Wmdiufv0uyhnHkUTN6/6d8ulp4AwfLKrmA=
github.com/phpdave11/gofpdi v1.0.14-0.20211212211723-1f10f9844311 h1:zyWXQ6vu27ETMpYsEMAsisQ+GqJ4e1TPvSNfdOPF0no=
github.com/phpdave11/gofpdi v1.0.14-0.20211212211723-1f10f9844311/go.mod h1:vBmVV0Do6hSBHC8uKUQ71JGW+ZGQq74llk/7bXwjDoI=
github.com/pkg/errors v0.8.1/go.mod h1:bwawxfHBFNV+L2hUp1rHADufV3IMtnDRdf1r5NINEl0=
github.com/pkg/errors v0.9.1 h1:FEBLx1zS214owpjy7qsBeixbURkuhQAwrK5UwLGTwt4=
github.com/pkg/errors v0.9.1/go.mod h1:bwawxfHBFNV+L2hUp1rHADufV3IMtnDRdf1r5NINEl0=
github.com/signintech/gopdf v0.29.0 h1:ZwnHKvdgBtl1C2DUmbC9a29RCtQTehb11v/Z9w8xb3s=
github.com/signintech/gopdf v0.29.0/go.mod h1:d23eO35GpEliSrF22eJ4bsM3wVeQJTjXTHq5x5qGKjA=
github.com/tucnak/telebot v2.0.0+incompatible h1:Amnb+h23aEnfKSDqFKU/R1qGSGgnS78Hm56lLVVQL2A=
github.com/tucnak/telebot v2.0.0+incompatible/go.mod h1:TCLoYDyssqVcjhkdyYu+He6eldK40im537vXoex2LM0=
